
Microsoft Visual Studio Solution File, Format Version 12.00
# Visual Studio Version 17
VisualStudioVersion = 17.8.34601.278
MinimumVisualStudioVersion = 10.0.40219.1
Project("{2150E333-8FDC-42A3-9474-1A3956D46DE8}") = "01-Empty-WebApp", "01-Empty-WebApp", "{FE199E15-0DC3-4954-93E3-AF3D714AFC84}"
EndProject
Project("{9A19103F-16F7-4668-BE54-9A1E7A4F7556}") = "EmptyWebApp", "01-Empty-WebApp\EmptyWebApp\EmptyWebApp.csproj", "{C4F747A3-0C96-4907-B7CD-3590BFA6FE9E}"
EndProject
Project("{2150E333-8FDC-42A3-9474-1A3956D46DE8}") = "02-MVC", "02-MVC", "{10FBA264-5828-4006-BB79-BDEE239FB8D8}"
EndProject
Project("{9A19103F-16F7-4668-BE54-9A1E7A4F7556}") = "MVCApp", "02-MVC\MVCApp\MVCApp.csproj", "{EB898E12-6B54-4DC4-9CDB-1720C873F537}"
EndProject
Project("{2150E333-8FDC-42A3-9474-1A3956D46DE8}") = "03-MVC-Product", "03-MVC-Product", "{B2AD5E8C-6399-4C3A-904C-0496D09EA5A2}"
EndProject
Project("{9A19103F-16F7-4668-BE54-9A1E7A4F7556}") = "MVCApp", "03-MVC-Product\MVCApp\MVCApp.csproj", "{6DDFE66F-4F1F-433E-A557-DC1CEEE724FB}"
EndProject
Project("{2150E333-8FDC-42A3-9474-1A3956D46DE8}") = "04-WebAPI", "04-WebAPI", "{56ADCBAE-1226-4F85-A33D-CDD6D3999078}"
EndProject
Project("{9A19103F-16F7-4668-BE54-9A1E7A4F7556}") = "WebApiApp", "04-WebAPI\WebApiApp\WebApiApp.csproj", "{2B3974DB-6C19-41ED-93B6-22907BEE5DD0}"
EndProject
Project("{2150E333-8FDC-42A3-9474-1A3956D46DE8}") = "05-Razor", "05-Razor", "{97D66F66-213C-459B-B1C3-D884649FDFB3}"
EndProject
Project("{9A19103F-16F7-4668-BE54-9A1E7A4F7556}") = "RazorApp", "05-Razor\RazorApp\RazorApp.csproj", "{0D0091BA-C171-4B4F-AD78-4681E71EE425}"
EndProject
Project("{2150E333-8FDC-42A3-9474-1A3956D46DE8}") = "06-Configuration", "06-Configuration", "{F8B619B9-66E7-48C1-9409-40C8B2C13EF8}"
EndProject
Project("{9A19103F-16F7-4668-BE54-9A1E7A4F7556}") = "AppConfigs", "06-Configuration\AppConfigs\AppConfigs.csproj", "{3D1BF9E4-1769-4FC7-B7D9-13EB98A11EB0}"
EndProject
Project("{9A19103F-16F7-4668-BE54-9A1E7A4F7556}") = "DevProdConfigs", "06-Configuration\DevProdConfigs\DevProdConfigs.csproj", "{7B18F28D-878F-4F40-A12F-80FC9B3D4770}"
EndProject
Project("{9A19103F-16F7-4668-BE54-9A1E7A4F7556}") = "EnvironmentVar", "06-Configuration\EnvironmentVar\EnvironmentVar.csproj", "{9A80FB2A-B416-4169-83C0-0E36F49A420A}"
EndProject
Project("{2150E333-8FDC-42A3-9474-1A3956D46DE8}") = "07-Middleware", "07-Middleware", "{A2F33CD8-65C0-44C5-88E9-828621BA7813}"
EndProject
Project("{9A19103F-16F7-4668-BE54-9A1E7A4F7556}") = "Middleware", "07-Middleware\Middleware.csproj", "{C58D5195-9A32-4F8B-B90D-7A24BFFF6C5A}"
EndProject
Project("{2150E333-8FDC-42A3-9474-1A3956D46DE8}") = "08-Hosting", "08-Hosting", "{6C49219E-FD01-451E-AD4B-F9E8100AAFD9}"
EndProject
Project("{9A19103F-16F7-4668-BE54-9A1E7A4F7556}") = "KestrelHttpSysHosting", "08-Hosting\KestrelHttpSysHosting\KestrelHttpSysHosting.csproj", "{3D50CCB3-5650-40C3-B292-45250B05F5B0}"
EndProject
Project("{9A19103F-16F7-4668-BE54-9A1E7A4F7556}") = "MVCOnIIS", "08-Hosting\MVCOnIIS\MVCOnIIS.csproj", "{873729AF-0376-4A42-876A-44BBA12CA7E5}"
EndProject
Project("{2150E333-8FDC-42A3-9474-1A3956D46DE8}") = "09-Environments", "09-Environments", "{96715319-CC8A-4ABF-9428-C638A199B56B}"
EndProject
Project("{9A19103F-16F7-4668-BE54-9A1E7A4F7556}") = "EnvironmentsDemo", "09-Environments\EnvironmentsDemo.csproj", "{E68973CF-3E92-4CA9-929C-1B49F0D9DC88}"
EndProject
Project("{2150E333-8FDC-42A3-9474-1A3956D46DE8}") = "10-DI", "10-DI", "{687CB45A-3BE3-4117-8C58-698888216E4E}"
EndProject
Project("{9A19103F-16F7-4668-BE54-9A1E7A4F7556}") = "DILifetimeDemo", "10-Dependency-Injection\DILifetimeDemo\DILifetimeDemo.csproj", "{7D22D5AE-3B9D-41FE-9F82-1CFF404DF3F9}"
EndProject
Project("{2150E333-8FDC-42A3-9474-1A3956D46DE8}") = "11-Rate Limiting", "11-Rate Limiting", "{CCB34777-578C-4001-8E58-D9C0B713D420}"
EndProject
Project("{9A19103F-16F7-4668-BE54-9A1E7A4F7556}") = "RateLimitingAPI", "11-Rate-Limiting\RateLimitingAPI\RateLimitingAPI.csproj", "{4DD255FF-6B83-45CA-BDF9-A37651F5CDE3}"
EndProject
Project("{2150E333-8FDC-42A3-9474-1A3956D46DE8}") = "12-Output Caching", "12-Output Caching", "{5EF60963-3050-4763-9634-196A9F9DF371}"
EndProject
Project("{9A19103F-16F7-4668-BE54-9A1E7A4F7556}") = "OutputCachingApp", "12-Output-Caching\OutputCachingApp\OutputCachingApp.csproj", "{3D721333-08F0-4BDA-9581-E46D83B80883}"
EndProject
Project("{2150E333-8FDC-42A3-9474-1A3956D46DE8}") = "13-Route Short Circuit", "13-Route Short Circuit", "{6EA3932D-A38B-4C26-845E-DB56A91B358F}"
EndProject
Project("{9A19103F-16F7-4668-BE54-9A1E7A4F7556}") = "RoutesShortCircuit", "13-Route-Short-Circuit\RoutesShortCircuit\RoutesShortCircuit.csproj", "{03E6586F-D5CE-4B76-ABF8-7E08B88439BD}"
EndProject
Project("{2150E333-8FDC-42A3-9474-1A3956D46DE8}") = "14-Keyed Services", "14-Keyed Services", "{B5292526-03DE-4A0A-90FC-9ADD1F283BC8}"
EndProject
Project("{9A19103F-16F7-4668-BE54-9A1E7A4F7556}") = "KeyedServices", "14-Keyed-Services\KeyedServices\KeyedServices.csproj", "{C47C7BD0-5D57-4952-A8AC-6B6D8F3E08EF}"
EndProject
Project("{2150E333-8FDC-42A3-9474-1A3956D46DE8}") = "15-Native AOT Web API", "15-Native AOT Web API", "{1A8988F1-DC8B-4C11-A3AE-F3EA19036EA3}"
EndProject
Project("{9A19103F-16F7-4668-BE54-9A1E7A4F7556}") = "NativeAOTWebAPI", "15-Native-AOT-WebAPI\NativeAOTWebAPI\NativeAOTWebAPI.csproj", "{DA553D6B-ABEA-4D70-9B03-47A23832EF99}"
EndProject
Global
	GlobalSection(SolutionConfigurationPlatforms) = preSolution
		Debug|Any CPU = Debug|Any CPU
		Release|Any CPU = Release|Any CPU
	EndGlobalSection
	GlobalSection(ProjectConfigurationPlatforms) = postSolution
		{C4F747A3-0C96-4907-B7CD-3590BFA6FE9E}.Debug|Any CPU.ActiveCfg = Debug|Any CPU
		{C4F747A3-0C96-4907-B7CD-3590BFA6FE9E}.Debug|Any CPU.Build.0 = Debug|Any CPU
		{C4F747A3-0C96-4907-B7CD-3590BFA6FE9E}.Release|Any CPU.ActiveCfg = Release|Any CPU
		{C4F747A3-0C96-4907-B7CD-3590BFA6FE9E}.Release|Any CPU.Build.0 = Release|Any CPU
		{EB898E12-6B54-4DC4-9CDB-1720C873F537}.Debug|Any CPU.ActiveCfg = Debug|Any CPU
		{EB898E12-6B54-4DC4-9CDB-1720C873F537}.Debug|Any CPU.Build.0 = Debug|Any CPU
		{EB898E12-6B54-4DC4-9CDB-1720C873F537}.Release|Any CPU.ActiveCfg = Release|Any CPU
		{EB898E12-6B54-4DC4-9CDB-1720C873F537}.Release|Any CPU.Build.0 = Release|Any CPU
		{6DDFE66F-4F1F-433E-A557-DC1CEEE724FB}.Debug|Any CPU.ActiveCfg = Debug|Any CPU
		{6DDFE66F-4F1F-433E-A557-DC1CEEE724FB}.Debug|Any CPU.Build.0 = Debug|Any CPU
		{6DDFE66F-4F1F-433E-A557-DC1CEEE724FB}.Release|Any CPU.ActiveCfg = Release|Any CPU
		{6DDFE66F-4F1F-433E-A557-DC1CEEE724FB}.Release|Any CPU.Build.0 = Release|Any CPU
		{2B3974DB-6C19-41ED-93B6-22907BEE5DD0}.Debug|Any CPU.ActiveCfg = Debug|Any CPU
		{2B3974DB-6C19-41ED-93B6-22907BEE5DD0}.Debug|Any CPU.Build.0 = Debug|Any CPU
		{2B3974DB-6C19-41ED-93B6-22907BEE5DD0}.Release|Any CPU.ActiveCfg = Release|Any CPU
		{2B3974DB-6C19-41ED-93B6-22907BEE5DD0}.Release|Any CPU.Build.0 = Release|Any CPU
		{0D0091BA-C171-4B4F-AD78-4681E71EE425}.Debug|Any CPU.ActiveCfg = Debug|Any CPU
		{0D0091BA-C171-4B4F-AD78-4681E71EE425}.Debug|Any CPU.Build.0 = Debug|Any CPU
		{0D0091BA-C171-4B4F-AD78-4681E71EE425}.Release|Any CPU.ActiveCfg = Release|Any CPU
		{0D0091BA-C171-4B4F-AD78-4681E71EE425}.Release|Any CPU.Build.0 = Release|Any CPU
		{3D1BF9E4-1769-4FC7-B7D9-13EB98A11EB0}.Debug|Any CPU.ActiveCfg = Debug|Any CPU
		{3D1BF9E4-1769-4FC7-B7D9-13EB98A11EB0}.Debug|Any CPU.Build.0 = Debug|Any CPU
		{3D1BF9E4-1769-4FC7-B7D9-13EB98A11EB0}.Release|Any CPU.ActiveCfg = Release|Any CPU
		{3D1BF9E4-1769-4FC7-B7D9-13EB98A11EB0}.Release|Any CPU.Build.0 = Release|Any CPU
		{7B18F28D-878F-4F40-A12F-80FC9B3D4770}.Debug|Any CPU.ActiveCfg = Debug|Any CPU
		{7B18F28D-878F-4F40-A12F-80FC9B3D4770}.Debug|Any CPU.Build.0 = Debug|Any CPU
		{7B18F28D-878F-4F40-A12F-80FC9B3D4770}.Release|Any CPU.ActiveCfg = Release|Any CPU
		{7B18F28D-878F-4F40-A12F-80FC9B3D4770}.Release|Any CPU.Build.0 = Release|Any CPU
		{9A80FB2A-B416-4169-83C0-0E36F49A420A}.Debug|Any CPU.ActiveCfg = Debug|Any CPU
		{9A80FB2A-B416-4169-83C0-0E36F49A420A}.Debug|Any CPU.Build.0 = Debug|Any CPU
		{9A80FB2A-B416-4169-83C0-0E36F49A420A}.Release|Any CPU.ActiveCfg = Release|Any CPU
		{9A80FB2A-B416-4169-83C0-0E36F49A420A}.Release|Any CPU.Build.0 = Release|Any CPU
		{C58D5195-9A32-4F8B-B90D-7A24BFFF6C5A}.Debug|Any CPU.ActiveCfg = Debug|Any CPU
		{C58D5195-9A32-4F8B-B90D-7A24BFFF6C5A}.Debug|Any CPU.Build.0 = Debug|Any CPU
		{C58D5195-9A32-4F8B-B90D-7A24BFFF6C5A}.Release|Any CPU.ActiveCfg = Release|Any CPU
		{C58D5195-9A32-4F8B-B90D-7A24BFFF6C5A}.Release|Any CPU.Build.0 = Release|Any CPU
		{3D50CCB3-5650-40C3-B292-45250B05F5B0}.Debug|Any CPU.ActiveCfg = Debug|Any CPU
		{3D50CCB3-5650-40C3-B292-45250B05F5B0}.Debug|Any CPU.Build.0 = Debug|Any CPU
		{3D50CCB3-5650-40C3-B292-45250B05F5B0}.Release|Any CPU.ActiveCfg = Release|Any CPU
		{3D50CCB3-5650-40C3-B292-45250B05F5B0}.Release|Any CPU.Build.0 = Release|Any CPU
		{873729AF-0376-4A42-876A-44BBA12CA7E5}.Debug|Any CPU.ActiveCfg = Debug|Any CPU
		{873729AF-0376-4A42-876A-44BBA12CA7E5}.Debug|Any CPU.Build.0 = Debug|Any CPU
		{873729AF-0376-4A42-876A-44BBA12CA7E5}.Release|Any CPU.ActiveCfg = Release|Any CPU
		{873729AF-0376-4A42-876A-44BBA12CA7E5}.Release|Any CPU.Build.0 = Release|Any CPU
		{E68973CF-3E92-4CA9-929C-1B49F0D9DC88}.Debug|Any CPU.ActiveCfg = Debug|Any CPU
		{E68973CF-3E92-4CA9-929C-1B49F0D9DC88}.Debug|Any CPU.Build.0 = Debug|Any CPU
		{E68973CF-3E92-4CA9-929C-1B49F0D9DC88}.Release|Any CPU.ActiveCfg = Release|Any CPU
		{E68973CF-3E92-4CA9-929C-1B49F0D9DC88}.Release|Any CPU.Build.0 = Release|Any CPU
		{7D22D5AE-3B9D-41FE-9F82-1CFF404DF3F9}.Debug|Any CPU.ActiveCfg = Debug|Any CPU
		{7D22D5AE-3B9D-41FE-9F82-1CFF404DF3F9}.Debug|Any CPU.Build.0 = Debug|Any CPU
		{7D22D5AE-3B9D-41FE-9F82-1CFF404DF3F9}.Release|Any CPU.ActiveCfg = Release|Any CPU
		{7D22D5AE-3B9D-41FE-9F82-1CFF404DF3F9}.Release|Any CPU.Build.0 = Release|Any CPU
		{4DD255FF-6B83-45CA-BDF9-A37651F5CDE3}.Debug|Any CPU.ActiveCfg = Debug|Any CPU
		{4DD255FF-6B83-45CA-BDF9-A37651F5CDE3}.Debug|Any CPU.Build.0 = Debug|Any CPU
		{4DD255FF-6B83-45CA-BDF9-A37651F5CDE3}.Release|Any CPU.ActiveCfg = Release|Any CPU
		{4DD255FF-6B83-45CA-BDF9-A37651F5CDE3}.Release|Any CPU.Build.0 = Release|Any CPU
		{3D721333-08F0-4BDA-9581-E46D83B80883}.Debug|Any CPU.ActiveCfg = Debug|Any CPU
		{3D721333-08F0-4BDA-9581-E46D83B80883}.Debug|Any CPU.Build.0 = Debug|Any CPU
		{3D721333-08F0-4BDA-9581-E46D83B80883}.Release|Any CPU.ActiveCfg = Release|Any CPU
		{3D721333-08F0-4BDA-9581-E46D83B80883}.Release|Any CPU.Build.0 = Release|Any CPU
		{03E6586F-D5CE-4B76-ABF8-7E08B88439BD}.Debug|Any CPU.ActiveCfg = Debug|Any CPU
		{03E6586F-D5CE-4B76-ABF8-7E08B88439BD}.Debug|Any CPU.Build.0 = Debug|Any CPU
		{03E6586F-D5CE-4B76-ABF8-7E08B88439BD}.Release|Any CPU.ActiveCfg = Release|Any CPU
		{03E6586F-D5CE-4B76-ABF8-7E08B88439BD}.Release|Any CPU.Build.0 = Release|Any CPU
		{C47C7BD0-5D57-4952-A8AC-6B6D8F3E08EF}.Debug|Any CPU.ActiveCfg = Debug|Any CPU
		{C47C7BD0-5D57-4952-A8AC-6B6D8F3E08EF}.Debug|Any CPU.Build.0 = Debug|Any CPU
		{C47C7BD0-5D57-4952-A8AC-6B6D8F3E08EF}.Release|Any CPU.ActiveCfg = Release|Any CPU
		{C47C7BD0-5D57-4952-A8AC-6B6D8F3E08EF}.Release|Any CPU.Build.0 = Release|Any CPU
		{DA553D6B-ABEA-4D70-9B03-47A23832EF99}.Debug|Any CPU.ActiveCfg = Debug|Any CPU
		{DA553D6B-ABEA-4D70-9B03-47A23832EF99}.Debug|Any CPU.Build.0 = Debug|Any CPU
		{DA553D6B-ABEA-4D70-9B03-47A23832EF99}.Release|Any CPU.ActiveCfg = Release|Any CPU
		{DA553D6B-ABEA-4D70-9B03-47A23832EF99}.Release|Any CPU.Build.0 = Release|Any CPU
	EndGlobalSection
	GlobalSection(SolutionProperties) = preSolution
		HideSolutionNode = FALSE
	EndGlobalSection
	GlobalSection(NestedProjects) = preSolution
		{C4F747A3-0C96-4907-B7CD-3590BFA6FE9E} = {FE199E15-0DC3-4954-93E3-AF3D714AFC84}
		{EB898E12-6B54-4DC4-9CDB-1720C873F537} = {10FBA264-5828-4006-BB79-BDEE239FB8D8}
		{6DDFE66F-4F1F-433E-A557-DC1CEEE724FB} = {B2AD5E8C-6399-4C3A-904C-0496D09EA5A2}
		{2B3974DB-6C19-41ED-93B6-22907BEE5DD0} = {56ADCBAE-1226-4F85-A33D-CDD6D3999078}
		{0D0091BA-C171-4B4F-AD78-4681E71EE425} = {97D66F66-213C-459B-B1C3-D884649FDFB3}
		{3D1BF9E4-1769-4FC7-B7D9-13EB98A11EB0} = {F8B619B9-66E7-48C1-9409-40C8B2C13EF8}
		{7B18F28D-878F-4F40-A12F-80FC9B3D4770} = {F8B619B9-66E7-48C1-9409-40C8B2C13EF8}
		{9A80FB2A-B416-4169-83C0-0E36F49A420A} = {F8B619B9-66E7-48C1-9409-40C8B2C13EF8}
		{C58D5195-9A32-4F8B-B90D-7A24BFFF6C5A} = {A2F33CD8-65C0-44C5-88E9-828621BA7813}
		{3D50CCB3-5650-40C3-B292-45250B05F5B0} = {6C49219E-FD01-451E-AD4B-F9E8100AAFD9}
		{873729AF-0376-4A42-876A-44BBA12CA7E5} = {6C49219E-FD01-451E-AD4B-F9E8100AAFD9}
		{E68973CF-3E92-4CA9-929C-1B49F0D9DC88} = {96715319-CC8A-4ABF-9428-C638A199B56B}
		{7D22D5AE-3B9D-41FE-9F82-1CFF404DF3F9} = {687CB45A-3BE3-4117-8C58-698888216E4E}
		{4DD255FF-6B83-45CA-BDF9-A37651F5CDE3} = {CCB34777-578C-4001-8E58-D9C0B713D420}
		{3D721333-08F0-4BDA-9581-E46D83B80883} = {5EF60963-3050-4763-9634-196A9F9DF371}
		{03E6586F-D5CE-4B76-ABF8-7E08B88439BD} = {6EA3932D-A38B-4C26-845E-DB56A91B358F}
		{C47C7BD0-5D57-4952-A8AC-6B6D8F3E08EF} = {B5292526-03DE-4A0A-90FC-9ADD1F283BC8}
		{DA553D6B-ABEA-4D70-9B03-47A23832EF99} = {1A8988F1-DC8B-4C11-A3AE-F3EA19036EA3}
	EndGlobalSection
	GlobalSection(ExtensibilityGlobals) = postSolution
		SolutionGuid = {97A7412E-88C5-40CC-93C5-102AEC29D380}
	EndGlobalSection
EndGlobal
