
Microsoft Visual Studio Solution File, Format Version 12.00
# Visual Studio Version 17
VisualStudioVersion = 17.8.34330.188
MinimumVisualStudioVersion = 10.0.40219.1
Project("{FAE04EC0-301F-11D3-BF4B-00C04F79EFBC}") = "RazorApp", "RazorApp.csproj", "{DAC9F481-271D-4F3B-85F9-A682C337304E}"
EndProject
Global
	GlobalSection(SolutionConfigurationPlatforms) = preSolution
		Debug|Any CPU = Debug|Any CPU
		Release|Any CPU = Release|Any CPU
	EndGlobalSection
	GlobalSection(ProjectConfigurationPlatforms) = postSolution
		{DAC9F481-271D-4F3B-85F9-A682C337304E}.Debug|Any CPU.ActiveCfg = Debug|Any CPU
		{DAC9F481-271D-4F3B-85F9-A682C337304E}.Debug|Any CPU.Build.0 = Debug|Any CPU
		{DAC9F481-271D-4F3B-85F9-A682C337304E}.Release|Any CPU.ActiveCfg = Release|Any CPU
		{DAC9F481-271D-4F3B-85F9-A682C337304E}.Release|Any CPU.Build.0 = Release|Any CPU
	EndGlobalSection
	GlobalSection(SolutionProperties) = preSolution
		HideSolutionNode = FALSE
	EndGlobalSection
	GlobalSection(ExtensibilityGlobals) = postSolution
		SolutionGuid = {C693D81D-3204-4E58-9992-37B6763B54AF}
	EndGlobalSection
EndGlobal
