
Microsoft Visual Studio Solution File, Format Version 12.00
# Visual Studio Version 17
VisualStudioVersion = 17.8.34511.84
MinimumVisualStudioVersion = 10.0.40219.1
Project("{FAE04EC0-301F-11D3-BF4B-00C04F79EFBC}") = "OutputCachingApp", "OutputCachingApp.csproj", "{D06A804A-7282-4834-B461-B50DE1ECFA8C}"
EndProject
Global
	GlobalSection(SolutionConfigurationPlatforms) = preSolution
		Debug|Any CPU = Debug|Any CPU
		Release|Any CPU = Release|Any CPU
	EndGlobalSection
	GlobalSection(ProjectConfigurationPlatforms) = postSolution
		{D06A804A-7282-4834-B461-B50DE1ECFA8C}.Debug|Any CPU.ActiveCfg = Debug|Any CPU
		{D06A804A-7282-4834-B461-B50DE1ECFA8C}.Debug|Any CPU.Build.0 = Debug|Any CPU
		{D06A804A-7282-4834-B461-B50DE1ECFA8C}.Release|Any CPU.ActiveCfg = Release|Any CPU
		{D06A804A-7282-4834-B461-B50DE1ECFA8C}.Release|Any CPU.Build.0 = Release|Any CPU
	EndGlobalSection
	GlobalSection(SolutionProperties) = preSolution
		HideSolutionNode = FALSE
	EndGlobalSection
	GlobalSection(ExtensibilityGlobals) = postSolution
		SolutionGuid = {D6B3E144-FD94-4462-801E-0DB8AF84D7B9}
	EndGlobalSection
EndGlobal
