
Microsoft Visual Studio Solution File, Format Version 12.00
# Visual Studio Version 17
VisualStudioVersion = 17.8.34330.188
MinimumVisualStudioVersion = 10.0.40219.1
Project("{FAE04EC0-301F-11D3-BF4B-00C04F79EFBC}") = "RoutesShortCircuit", "RoutesShortCircuit.csproj", "{0E935AA5-B5F5-409A-9EB5-F53331CBF163}"
EndProject
Global
	GlobalSection(SolutionConfigurationPlatforms) = preSolution
		Debug|Any CPU = Debug|Any CPU
		Release|Any CPU = Release|Any CPU
	EndGlobalSection
	GlobalSection(ProjectConfigurationPlatforms) = postSolution
		{0E935AA5-B5F5-409A-9EB5-F53331CBF163}.Debug|Any CPU.ActiveCfg = Debug|Any CPU
		{0E935AA5-B5F5-409A-9EB5-F53331CBF163}.Debug|Any CPU.Build.0 = Debug|Any CPU
		{0E935AA5-B5F5-409A-9EB5-F53331CBF163}.Release|Any CPU.ActiveCfg = Release|Any CPU
		{0E935AA5-B5F5-409A-9EB5-F53331CBF163}.Release|Any CPU.Build.0 = Release|Any CPU
	EndGlobalSection
	GlobalSection(SolutionProperties) = preSolution
		HideSolutionNode = FALSE
	EndGlobalSection
	GlobalSection(ExtensibilityGlobals) = postSolution
		SolutionGuid = {099242AC-D818-43F3-8672-D3AB22624240}
	EndGlobalSection
EndGlobal
