
Microsoft Visual Studio Solution File, Format Version 12.00
# Visual Studio Version 17
VisualStudioVersion = 17.8.34511.84
MinimumVisualStudioVersion = 10.0.40219.1
Project("{FAE04EC0-301F-11D3-BF4B-00C04F79EFBC}") = "MVCOnIIS", "MVCOnIIS.csproj", "{FA157D34-AEF3-4BDE-88F0-7E36D5B55918}"
EndProject
Global
	GlobalSection(SolutionConfigurationPlatforms) = preSolution
		Debug|Any CPU = Debug|Any CPU
		Release|Any CPU = Release|Any CPU
	EndGlobalSection
	GlobalSection(ProjectConfigurationPlatforms) = postSolution
		{FA157D34-AEF3-4BDE-88F0-7E36D5B55918}.Debug|Any CPU.ActiveCfg = Debug|Any CPU
		{FA157D34-AEF3-4BDE-88F0-7E36D5B55918}.Debug|Any CPU.Build.0 = Debug|Any CPU
		{FA157D34-AEF3-4BDE-88F0-7E36D5B55918}.Release|Any CPU.ActiveCfg = Release|Any CPU
		{FA157D34-AEF3-4BDE-88F0-7E36D5B55918}.Release|Any CPU.Build.0 = Release|Any CPU
	EndGlobalSection
	GlobalSection(SolutionProperties) = preSolution
		HideSolutionNode = FALSE
	EndGlobalSection
	GlobalSection(ExtensibilityGlobals) = postSolution
		SolutionGuid = {B80A1E8A-CB4C-4236-A34E-377D63BFEFA7}
	EndGlobalSection
EndGlobal
